PODS:
  - AWSCognito (2.6.8):
    - AWSCore (= 2.6.8)
  - AWSCognitoIdentityProvider (2.6.8):
    - AWSCognitoIdentityProviderASF (= 1.0.1)
    - AWSCore (= 2.6.8)
  - AWSCognitoIdentityProviderASF (1.0.1)
  - AWSCore (2.6.8)
  - AWSS3 (2.6.8):
    - AWSCore (= 2.6.8)
  - Bolts (1.8.4):
    - Bolts/AppLinks (= 1.8.4)
    - Bolts/Tasks (= 1.8.4)
  - Bolts/AppLinks (1.8.4):
    - Bolts/Tasks
  - Bolts/Tasks (1.8.4)
  - FacebookCore (0.3.0):
    - Bolts (~> 1.8)
    - FBSDKCoreKit (~> 4.27)
  - FacebookLogin (0.3.0):
    - Bolts (~> 1.8)
    - FacebookCore (~> 0.3)
    - FBSDKCoreKit (~> 4.27)
    - FBSDKLoginKit (~> 4.27)
  - FacebookShare (0.3.0):
    - Bolts (~> 1.8)
    - FacebookCore (~> 0.3)
    - FBSDKCoreKit (~> 4.27)
    - FBSDKShareKit (~> 4.27)
  - FBSDKCoreKit (4.29.0):
    - Bolts (~> 1.7)
  - FBSDKLoginKit (4.29.0):
    - FBSDKCoreKit
  - FBSDKShareKit (4.29.0):
    - FBSDKCoreKit
  - IGListKit (3.1.1):
    - IGListKit/Default (= 3.1.1)
  - IGListKit/Default (3.1.1):
    - IGListKit/Diffing
  - IGListKit/Diffing (3.1.1)
  - Koloda (4.3.1):
    - pop (~> 1.0)
  - pop (1.0.10)
  - Yoga (1.6.0)
  - YogaKit (1.6.0):
    - Yoga (~> 1.6)

DEPENDENCIES:
  - AWSCognito
  - AWSCognitoIdentityProvider
  - AWSS3
  - FacebookCore
  - FacebookLogin
  - FacebookShare
  - IGListKit (from `https://github.com/Instagram/IGListKit.git`, branch `master`)
  - Koloda (~> 4.3.1)
  - YogaKit (~> 1.6)

EXTERNAL SOURCES:
  IGListKit:
    :branch: master
    :git: https://github.com/Instagram/IGListKit.git

CHECKOUT OPTIONS:
  IGListKit:
    :commit: 296baf5f854f57150ed12ca5bd8d3903db492734
    :git: https://github.com/Instagram/IGListKit.git

SPEC CHECKSUMS:
  AWSCognito: a57d1a9295f9e05ffa55a485165e3c24b81699ba
  AWSCognitoIdentityProvider: 4f9a1a1ed71ef2465bc3a2372d2fba03d8052f32
  AWSCognitoIdentityProviderASF: f94f1a502e72ef3d0a1de93e10bf7a79c8698118
  AWSCore: 35fca7c45f37f5ffc4ddf75f7aa943f3588d9227
  AWSS3: 380f57d169fd4ebd0a5fca366b36563a3f6d87b2
  Bolts: 8a7995239dbe724f9cba2248b766d48b7ebdd322
  FacebookCore: 3ffa190a3f1f96cec0e44d3fc221bc322c595ffa
  FacebookLogin: 0af839ea858faef99550d16596b87b4a8e8906e6
  FacebookShare: 0469964297ebd75f052be2c5083389a4208e82b7
  FBSDKCoreKit: 6f139173dc63a1deaff4430a55f2fe5bb222d2af
  FBSDKLoginKit: 56a057ca6822535ea0faa25f57a7c41edb697fd4
  FBSDKShareKit: 18a2cd118aef11dd657fe7e8b64bae5c719088b2
  IGListKit: cb97f405ae43e59fe1da74271e19427ec20d3c07
  Koloda: 0d39b2aa188ccd1fac48d752acaf9802e683c625
  pop: 82ca6b068ce9278fd350fd9dd09482a0ce9492e6
  Yoga: 81670877477311136b1b3f69a6307ce62e1c89cf
  YogaKit: 8fe0ddd21673226c0b6077fc3ad5c8fa6cda722e

PODFILE CHECKSUM: 4e1a7edf61c4a8fb27375e1b1a1fed58e08618b3

COCOAPODS: 1.2.1
