// !$*UTF8*$!
{
	archiveVersion = 1;
	classes = {
	};
	objectVersion = 46;
	objects = {

/* Begin PBXBuildFile section */
		310F3F211FDE3DAF009FF85C /* ViewProfileViewController.swift in Sources */ = {isa = PBXBuildFile; fileRef = 310F3F201FDE3DAF009FF85C /* ViewProfileViewController.swift */; };
		311A62BB1FE3491500E41AE3 /* ImageListener.swift in Sources */ = {isa = PBXBuildFile; fileRef = 311A62BA1FE3491500E41AE3 /* ImageListener.swift */; };
		3129515A1FE21804004109FF /* HostEventTableViewController.swift in Sources */ = {isa = PBXBuildFile; fileRef = 312951591FE21804004109FF /* HostEventTableViewController.swift */; };
		3129515C1FE21C95004109FF /* SessionHost.swift in Sources */ = {isa = PBXBuildFile; fileRef = 3129515B1FE21C95004109FF /* SessionHost.swift */; };
		3129515E1FE226A5004109FF /* HostEventTableViewCell.swift in Sources */ = {isa = PBXBuildFile; fileRef = 3129515D1FE226A5004109FF /* HostEventTableViewCell.swift */; };
		313D31B71FE11A9A0036CC0B /* CreateEventViewControllerP2.swift in Sources */ = {isa = PBXBuildFile; fileRef = 310F3F261FDE6DF1009FF85C /* CreateEventViewControllerP2.swift */; };
		313D31BA1FE11E8B0036CC0B /* ImageAction.swift in Sources */ = {isa = PBXBuildFile; fileRef = 313D31B91FE11E8B0036CC0B /* ImageAction.swift */; };
		318A4B671FD66AD10054B73D /* EventRequest.swift in Sources */ = {isa = PBXBuildFile; fileRef = 318A4B661FD66AD10054B73D /* EventRequest.swift */; };
		318A4B691FD66AE00054B73D /* ProjectRequest.swift in Sources */ = {isa = PBXBuildFile; fileRef = 318A4B681FD66AE00054B73D /* ProjectRequest.swift */; };
		318A4B6B1FD66AFC0054B73D /* UserRequest.swift in Sources */ = {isa = PBXBuildFile; fileRef = 318A4B6A1FD66AFC0054B73D /* UserRequest.swift */; };
		318A4B6D1FD66C110054B73D /* MatchRequest.swift in Sources */ = {isa = PBXBuildFile; fileRef = 318A4B6C1FD66C110054B73D /* MatchRequest.swift */; };
		31BE76131FBAA31300154730 /* Mediator.swift in Sources */ = {isa = PBXBuildFile; fileRef = 31BE76121FBAA31300154730 /* Mediator.swift */; };
		31BE76151FBAA55100154730 /* Request.swift in Sources */ = {isa = PBXBuildFile; fileRef = 31BE76141FBAA55100154730 /* Request.swift */; };
		31FEEA441FDDF40C007C4532 /* UserTypeViewController.swift in Sources */ = {isa = PBXBuildFile; fileRef = 31FEEA431FDDF40C007C4532 /* UserTypeViewController.swift */; };
		31FEEA461FDDFB68007C4532 /* HostLoginViewController.swift in Sources */ = {isa = PBXBuildFile; fileRef = 31FEEA451FDDFB68007C4532 /* HostLoginViewController.swift */; };
		31FEEA481FDE118F007C4532 /* SessionUser.swift in Sources */ = {isa = PBXBuildFile; fileRef = 31FEEA471FDE118F007C4532 /* SessionUser.swift */; };
		31FEEA4A1FDE338D007C4532 /* CreateEventViewControllerP1.swift in Sources */ = {isa = PBXBuildFile; fileRef = 31FEEA491FDE338D007C4532 /* CreateEventViewControllerP1.swift */; };
		68211A401FE30374000C2A45 /* MyProjectsTableViewController.swift in Sources */ = {isa = PBXBuildFile; fileRef = 68211A3F1FE30374000C2A45 /* MyProjectsTableViewController.swift */; };
		68211A421FE310C2000C2A45 /* CreateProjectViewController.swift in Sources */ = {isa = PBXBuildFile; fileRef = 68211A411FE310C2000C2A45 /* CreateProjectViewController.swift */; };
		710D9E332BD09436D14BC3E0 /* Pods_HinderApp.framework in Frameworks */ = {isa = PBXBuildFile; fileRef = DACBE7B492A7D12BA50D3CFC /* Pods_HinderApp.framework */; };
		9FC6A0631FB9168A00176134 /* HinderCreateProfile.swift in Sources */ = {isa = PBXBuildFile; fileRef = 9FC6A0621FB9168A00176134 /* HinderCreateProfile.swift */; };
		BA3AF00B1FE371C70064EFBF /* ProjectViewController.swift in Sources */ = {isa = PBXBuildFile; fileRef = BA3AF00A1FE371C70064EFBF /* ProjectViewController.swift */; };
		BA3AF00D1FE38A370064EFBF /* UserTableViewCell.swift in Sources */ = {isa = PBXBuildFile; fileRef = BA3AF00C1FE38A370064EFBF /* UserTableViewCell.swift */; };
		BA3AF00F1FE38AA70064EFBF /* MemberViewCell.swift in Sources */ = {isa = PBXBuildFile; fileRef = BA3AF00E1FE38AA70064EFBF /* MemberViewCell.swift */; };
		BA8074121FE1E9160062E1EB /* UserViewController.swift in Sources */ = {isa = PBXBuildFile; fileRef = BA8074111FE1E9160062E1EB /* UserViewController.swift */; };
		BA8074141FE1EFA90062E1EB /* UserProjectViewCell.swift in Sources */ = {isa = PBXBuildFile; fileRef = BA8074131FE1EFA90062E1EB /* UserProjectViewCell.swift */; };
		BA907B721FDC989E005BD3E8 /* NavigationController.swift in Sources */ = {isa = PBXBuildFile; fileRef = BA907B711FDC989E005BD3E8 /* NavigationController.swift */; };
		BA907B7A1FDCB152005BD3E8 /* HamburgerMenuViewController.swift in Sources */ = {isa = PBXBuildFile; fileRef = BA907B791FDCB152005BD3E8 /* HamburgerMenuViewController.swift */; };
		BA907B821FDDE85E005BD3E8 /* MyEventsViewController.swift in Sources */ = {isa = PBXBuildFile; fileRef = BA907B811FDDE85E005BD3E8 /* MyEventsViewController.swift */; };
		BA907B841FDDE8D3005BD3E8 /* MyGroupsViewController.swift in Sources */ = {isa = PBXBuildFile; fileRef = BA907B831FDDE8D3005BD3E8 /* MyGroupsViewController.swift */; };
		BAC034741FDBB12D00ED14B3 /* Assets.xcassets in Resources */ = {isa = PBXBuildFile; fileRef = BAC034731FDBB12D00ED14B3 /* Assets.xcassets */; };
		BAC0347E1FDBC4D400ED14B3 /* LoginViewController.swift in Sources */ = {isa = PBXBuildFile; fileRef = BAC0347D1FDBC4D400ED14B3 /* LoginViewController.swift */; };
		C522DC6E1FE31954001D634A /* ProfileUserInfoSectionController.swift in Sources */ = {isa = PBXBuildFile; fileRef = C522DC6D1FE31954001D634A /* ProfileUserInfoSectionController.swift */; };
		C522DC701FE319C9001D634A /* ProfileUserInfoCell.swift in Sources */ = {isa = PBXBuildFile; fileRef = C522DC6F1FE319C9001D634A /* ProfileUserInfoCell.swift */; };
		C555F6B61FB0D023009106E8 /* HinderNavigationBar.swift in Sources */ = {isa = PBXBuildFile; fileRef = C555F6B51FB0D023009106E8 /* HinderNavigationBar.swift */; };
		C555F6B81FB0D0B8009106E8 /* FontsAndTheme.swift in Sources */ = {isa = PBXBuildFile; fileRef = C555F6B71FB0D0B8009106E8 /* FontsAndTheme.swift */; };
		C555F6BC1FB0EFC2009106E8 /* FeedSectionController.swift in Sources */ = {isa = PBXBuildFile; fileRef = C555F6BB1FB0EFC2009106E8 /* FeedSectionController.swift */; };
		C555F6BE1FB41E9D009106E8 /* Event.swift in Sources */ = {isa = PBXBuildFile; fileRef = C555F6BD1FB41E9D009106E8 /* Event.swift */; };
		C555F6C01FB42D87009106E8 /* Project.swift in Sources */ = {isa = PBXBuildFile; fileRef = C555F6BF1FB42D87009106E8 /* Project.swift */; };
		C555F6C21FB43293009106E8 /* User.swift in Sources */ = {isa = PBXBuildFile; fileRef = C555F6C11FB43293009106E8 /* User.swift */; };
		C555F6C41FB4334D009106E8 /* Skillset.swift in Sources */ = {isa = PBXBuildFile; fileRef = C555F6C31FB4334D009106E8 /* Skillset.swift */; };
		C555F6C61FB647AF009106E8 /* FeedEventCell.swift in Sources */ = {isa = PBXBuildFile; fileRef = C555F6C51FB647AF009106E8 /* FeedEventCell.swift */; };
		C555F6C81FB7C2AE009106E8 /* FeedEventCellWithHeader.swift in Sources */ = {isa = PBXBuildFile; fileRef = C555F6C71FB7C2AE009106E8 /* FeedEventCellWithHeader.swift */; };
		C555F6CA1FBA44E7009106E8 /* EventPageViewController.swift in Sources */ = {isa = PBXBuildFile; fileRef = C555F6C91FBA44E6009106E8 /* EventPageViewController.swift */; };
		C55671671FAD4553009A194B /* AppDelegate.swift in Sources */ = {isa = PBXBuildFile; fileRef = C55671661FAD4553009A194B /* AppDelegate.swift */; };
		C55671691FAD4553009A194B /* HomeViewController.swift in Sources */ = {isa = PBXBuildFile; fileRef = C55671681FAD4553009A194B /* HomeViewController.swift */; };
		C556716C1FAD4553009A194B /* Main.storyboard in Resources */ = {isa = PBXBuildFile; fileRef = C556716A1FAD4553009A194B /* Main.storyboard */; };
		C55671711FAD4553009A194B /* LaunchScreen.storyboard in Resources */ = {isa = PBXBuildFile; fileRef = C556716F1FAD4553009A194B /* LaunchScreen.storyboard */; };
		C557317A1FBE5BE700EBCF96 /* EditProfileViewController.swift in Sources */ = {isa = PBXBuildFile; fileRef = C55731791FBE5BE700EBCF96 /* EditProfileViewController.swift */; };
		C557317C1FBE69E400EBCF96 /* EditProfileSectionController.swift in Sources */ = {isa = PBXBuildFile; fileRef = C557317B1FBE69E400EBCF96 /* EditProfileSectionController.swift */; };
		C557317E1FBE6D1900EBCF96 /* SkillSetEditCell.swift in Sources */ = {isa = PBXBuildFile; fileRef = C557317D1FBE6D1900EBCF96 /* SkillSetEditCell.swift */; };
/* End PBXBuildFile section */

/* Begin PBXFileReference section */
		310F3F201FDE3DAF009FF85C /* ViewProfileViewController.swift */ = {isa = PBXFileReference; lastKnownFileType = sourcecode.swift; path = ViewProfileViewController.swift; sourceTree = "<group>"; };
		310F3F261FDE6DF1009FF85C /* CreateEventViewControllerP2.swift */ = {isa = PBXFileReference; lastKnownFileType = sourcecode.swift; path = CreateEventViewControllerP2.swift; sourceTree = "<group>"; };
		311A62BA1FE3491500E41AE3 /* ImageListener.swift */ = {isa = PBXFileReference; lastKnownFileType = sourcecode.swift; path = ImageListener.swift; sourceTree = "<group>"; };
		312951591FE21804004109FF /* HostEventTableViewController.swift */ = {isa = PBXFileReference; lastKnownFileType = sourcecode.swift; path = HostEventTableViewController.swift; sourceTree = "<group>"; };
		3129515B1FE21C95004109FF /* SessionHost.swift */ = {isa = PBXFileReference; lastKnownFileType = sourcecode.swift; path = SessionHost.swift; sourceTree = "<group>"; };
		3129515D1FE226A5004109FF /* HostEventTableViewCell.swift */ = {isa = PBXFileReference; lastKnownFileType = sourcecode.swift; path = HostEventTableViewCell.swift; sourceTree = "<group>"; };
		313D31B91FE11E8B0036CC0B /* ImageAction.swift */ = {isa = PBXFileReference; lastKnownFileType = sourcecode.swift; path = ImageAction.swift; sourceTree = "<group>"; };
		318A4B661FD66AD10054B73D /* EventRequest.swift */ = {isa = PBXFileReference; lastKnownFileType = sourcecode.swift; path = EventRequest.swift; sourceTree = "<group>"; };
		318A4B681FD66AE00054B73D /* ProjectRequest.swift */ = {isa = PBXFileReference; lastKnownFileType = sourcecode.swift; path = ProjectRequest.swift; sourceTree = "<group>"; };
		318A4B6A1FD66AFC0054B73D /* UserRequest.swift */ = {isa = PBXFileReference; lastKnownFileType = sourcecode.swift; path = UserRequest.swift; sourceTree = "<group>"; };
		318A4B6C1FD66C110054B73D /* MatchRequest.swift */ = {isa = PBXFileReference; lastKnownFileType = sourcecode.swift; path = MatchRequest.swift; sourceTree = "<group>"; };
		31BE76121FBAA31300154730 /* Mediator.swift */ = {isa = PBXFileReference; lastKnownFileType = sourcecode.swift; path = Mediator.swift; sourceTree = "<group>"; };
		31BE76141FBAA55100154730 /* Request.swift */ = {isa = PBXFileReference; lastKnownFileType = sourcecode.swift; path = Request.swift; sourceTree = "<group>"; };
		31FEEA431FDDF40C007C4532 /* UserTypeViewController.swift */ = {isa = PBXFileReference; lastKnownFileType = sourcecode.swift; path = UserTypeViewController.swift; sourceTree = "<group>"; };
		31FEEA451FDDFB68007C4532 /* HostLoginViewController.swift */ = {isa = PBXFileReference; lastKnownFileType = sourcecode.swift; path = HostLoginViewController.swift; sourceTree = "<group>"; };
		31FEEA471FDE118F007C4532 /* SessionUser.swift */ = {isa = PBXFileReference; lastKnownFileType = sourcecode.swift; path = SessionUser.swift; sourceTree = "<group>"; };
		31FEEA491FDE338D007C4532 /* CreateEventViewControllerP1.swift */ = {isa = PBXFileReference; lastKnownFileType = sourcecode.swift; path = CreateEventViewControllerP1.swift; sourceTree = "<group>"; };
		391325CDC24D8F558572A104 /* Pods-HinderApp.debug.xcconfig */ = {isa = PBXFileReference; includeInIndex = 1; lastKnownFileType = text.xcconfig; name = "Pods-HinderApp.debug.xcconfig"; path = "Pods/Target Support Files/Pods-HinderApp/Pods-HinderApp.debug.xcconfig"; sourceTree = "<group>"; };
		68211A3F1FE30374000C2A45 /* MyProjectsTableViewController.swift */ = {isa = PBXFileReference; fileEncoding = 4; lastKnownFileType = sourcecode.swift; path = MyProjectsTableViewController.swift; sourceTree = "<group>"; };
		68211A411FE310C2000C2A45 /* CreateProjectViewController.swift */ = {isa = PBXFileReference; fileEncoding = 4; lastKnownFileType = sourcecode.swift; path = CreateProjectViewController.swift; sourceTree = "<group>"; };
		9FC6A0621FB9168A00176134 /* HinderCreateProfile.swift */ = {isa = PBXFileReference; lastKnownFileType = sourcecode.swift; path = HinderCreateProfile.swift; sourceTree = "<group>"; };
		9FC6A0641FBB98E000176134 /* PhotosUI.framework */ = {isa = PBXFileReference; lastKnownFileType = wrapper.framework; name = PhotosUI.framework; path = System/Library/Frameworks/PhotosUI.framework; sourceTree = SDKROOT; };
		9FC6A0651FBB98E000176134 /* Photos.framework */ = {isa = PBXFileReference; lastKnownFileType = wrapper.framework; name = Photos.framework; path = System/Library/Frameworks/Photos.framework; sourceTree = SDKROOT; };
		BA3AF00A1FE371C70064EFBF /* ProjectViewController.swift */ = {isa = PBXFileReference; fileEncoding = 4; lastKnownFileType = sourcecode.swift; path = ProjectViewController.swift; sourceTree = "<group>"; };
		BA3AF00C1FE38A370064EFBF /* UserTableViewCell.swift */ = {isa = PBXFileReference; fileEncoding = 4; lastKnownFileType = sourcecode.swift; path = UserTableViewCell.swift; sourceTree = "<group>"; };
		BA3AF00E1FE38AA70064EFBF /* MemberViewCell.swift */ = {isa = PBXFileReference; fileEncoding = 4; lastKnownFileType = sourcecode.swift; path = MemberViewCell.swift; sourceTree = "<group>"; };
		BA8074111FE1E9160062E1EB /* UserViewController.swift */ = {isa = PBXFileReference; fileEncoding = 4; lastKnownFileType = sourcecode.swift; path = UserViewController.swift; sourceTree = "<group>"; };
		BA8074131FE1EFA90062E1EB /* UserProjectViewCell.swift */ = {isa = PBXFileReference; fileEncoding = 4; lastKnownFileType = sourcecode.swift; path = UserProjectViewCell.swift; sourceTree = "<group>"; };
		BA907B711FDC989E005BD3E8 /* NavigationController.swift */ = {isa = PBXFileReference; fileEncoding = 4; lastKnownFileType = sourcecode.swift; path = NavigationController.swift; sourceTree = "<group>"; };
		BA907B791FDCB152005BD3E8 /* HamburgerMenuViewController.swift */ = {isa = PBXFileReference; fileEncoding = 4; lastKnownFileType = sourcecode.swift; path = HamburgerMenuViewController.swift; sourceTree = "<group>"; };
		BA907B811FDDE85E005BD3E8 /* MyEventsViewController.swift */ = {isa = PBXFileReference; fileEncoding = 4; lastKnownFileType = sourcecode.swift; path = MyEventsViewController.swift; sourceTree = "<group>"; };
		BA907B831FDDE8D3005BD3E8 /* MyGroupsViewController.swift */ = {isa = PBXFileReference; fileEncoding = 4; lastKnownFileType = sourcecode.swift; path = MyGroupsViewController.swift; sourceTree = "<group>"; };
		BAC034731FDBB12D00ED14B3 /* Assets.xcassets */ = {isa = PBXFileReference; lastKnownFileType = folder.assetcatalog; path = Assets.xcassets; sourceTree = "<group>"; };
		BAC0347D1FDBC4D400ED14B3 /* LoginViewController.swift */ = {isa = PBXFileReference; fileEncoding = 4; lastKnownFileType = sourcecode.swift; path = LoginViewController.swift; sourceTree = "<group>"; };
		C522DC6D1FE31954001D634A /* ProfileUserInfoSectionController.swift */ = {isa = PBXFileReference; fileEncoding = 4; lastKnownFileType = sourcecode.swift; path = ProfileUserInfoSectionController.swift; sourceTree = "<group>"; };
		C522DC6F1FE319C9001D634A /* ProfileUserInfoCell.swift */ = {isa = PBXFileReference; fileEncoding = 4; lastKnownFileType = sourcecode.swift; path = ProfileUserInfoCell.swift; sourceTree = "<group>"; };
		C555F6B51FB0D023009106E8 /* HinderNavigationBar.swift */ = {isa = PBXFileReference; fileEncoding = 4; lastKnownFileType = sourcecode.swift; path = HinderNavigationBar.swift; sourceTree = "<group>"; };
		C555F6B71FB0D0B8009106E8 /* FontsAndTheme.swift */ = {isa = PBXFileReference; fileEncoding = 4; lastKnownFileType = sourcecode.swift; path = FontsAndTheme.swift; sourceTree = "<group>"; };
		C555F6BB1FB0EFC2009106E8 /* FeedSectionController.swift */ = {isa = PBXFileReference; fileEncoding = 4; lastKnownFileType = sourcecode.swift; path = FeedSectionController.swift; sourceTree = "<group>"; };
		C555F6BD1FB41E9D009106E8 /* Event.swift */ = {isa = PBXFileReference; fileEncoding = 4; lastKnownFileType = sourcecode.swift; path = Event.swift; sourceTree = "<group>"; };
		C555F6BF1FB42D87009106E8 /* Project.swift */ = {isa = PBXFileReference; fileEncoding = 4; lastKnownFileType = sourcecode.swift; path = Project.swift; sourceTree = "<group>"; };
		C555F6C11FB43293009106E8 /* User.swift */ = {isa = PBXFileReference; fileEncoding = 4; lastKnownFileType = sourcecode.swift; path = User.swift; sourceTree = "<group>"; };
		C555F6C31FB4334D009106E8 /* Skillset.swift */ = {isa = PBXFileReference; fileEncoding = 4; lastKnownFileType = sourcecode.swift; path = Skillset.swift; sourceTree = "<group>"; };
		C555F6C51FB647AF009106E8 /* FeedEventCell.swift */ = {isa = PBXFileReference; fileEncoding = 4; lastKnownFileType = sourcecode.swift; path = FeedEventCell.swift; sourceTree = "<group>"; };
		C555F6C71FB7C2AE009106E8 /* FeedEventCellWithHeader.swift */ = {isa = PBXFileReference; fileEncoding = 4; lastKnownFileType = sourcecode.swift; path = FeedEventCellWithHeader.swift; sourceTree = "<group>"; };
		C555F6C91FBA44E6009106E8 /* EventPageViewController.swift */ = {isa = PBXFileReference; fileEncoding = 4; lastKnownFileType = sourcecode.swift; path = EventPageViewController.swift; sourceTree = "<group>"; };
		C55671631FAD4553009A194B /* HinderApp.app */ = {isa = PBXFileReference; explicitFileType = wrapper.application; includeInIndex = 0; path = HinderApp.app; sourceTree = BUILT_PRODUCTS_DIR; };
		C55671661FAD4553009A194B /* AppDelegate.swift */ = {isa = PBXFileReference; lastKnownFileType = sourcecode.swift; path = AppDelegate.swift; sourceTree = "<group>"; };
		C55671681FAD4553009A194B /* HomeViewController.swift */ = {isa = PBXFileReference; lastKnownFileType = sourcecode.swift; path = HomeViewController.swift; sourceTree = "<group>"; };
		C556716B1FAD4553009A194B /* Base */ = {isa = PBXFileReference; lastKnownFileType = file.storyboard; name = Base; path = Base.lproj/Main.storyboard; sourceTree = "<group>"; };
		C55671701FAD4553009A194B /* Base */ = {isa = PBXFileReference; lastKnownFileType = file.storyboard; name = Base; path = Base.lproj/LaunchScreen.storyboard; sourceTree = "<group>"; };
		C55671721FAD4553009A194B /* Info.plist */ = {isa = PBXFileReference; lastKnownFileType = text.plist.xml; path = Info.plist; sourceTree = "<group>"; };
		C55731791FBE5BE700EBCF96 /* EditProfileViewController.swift */ = {isa = PBXFileReference; fileEncoding = 4; lastKnownFileType = sourcecode.swift; path = EditProfileViewController.swift; sourceTree = "<group>"; };
		C557317B1FBE69E400EBCF96 /* EditProfileSectionController.swift */ = {isa = PBXFileReference; fileEncoding = 4; lastKnownFileType = sourcecode.swift; path = EditProfileSectionController.swift; sourceTree = "<group>"; };
		C557317D1FBE6D1900EBCF96 /* SkillSetEditCell.swift */ = {isa = PBXFileReference; fileEncoding = 4; lastKnownFileType = sourcecode.swift; path = SkillSetEditCell.swift; sourceTree = "<group>"; };
		DACBE7B492A7D12BA50D3CFC /* Pods_HinderApp.framework */ = {isa = PBXFileReference; explicitFileType = wrapper.framework; includeInIndex = 0; path = Pods_HinderApp.framework; sourceTree = BUILT_PRODUCTS_DIR; };
		DB0788E19595C0B9866F5DE3 /* Pods-HinderApp.release.xcconfig */ = {isa = PBXFileReference; includeInIndex = 1; lastKnownFileType = text.xcconfig; name = "Pods-HinderApp.release.xcconfig"; path = "Pods/Target Support Files/Pods-HinderApp/Pods-HinderApp.release.xcconfig"; sourceTree = "<group>"; };
/* End PBXFileReference section */

/* Begin PBXFrameworksBuildPhase section */
		C55671601FAD4553009A194B /* Frameworks */ = {
			isa = PBXFrameworksBuildPhase;
			buildActionMask = 2147483647;
			files = (
				710D9E332BD09436D14BC3E0 /* Pods_HinderApp.framework in Frameworks */,
			);
			runOnlyForDeploymentPostprocessing = 0;
		};
/* End PBXFrameworksBuildPhase section */

/* Begin PBXGroup section */
		23ACEF23AFA11B2176F7C8AA /* Frameworks */ = {
			isa = PBXGroup;
			children = (
				9FC6A0651FBB98E000176134 /* Photos.framework */,
				9FC6A0641FBB98E000176134 /* PhotosUI.framework */,
				DACBE7B492A7D12BA50D3CFC /* Pods_HinderApp.framework */,
			);
			name = Frameworks;
			sourceTree = "<group>";
		};
		310F3F251FDE6DDF009FF85C /* CreateEventPage */ = {
			isa = PBXGroup;
			children = (
				31FEEA491FDE338D007C4532 /* CreateEventViewControllerP1.swift */,
				310F3F261FDE6DF1009FF85C /* CreateEventViewControllerP2.swift */,
				312951591FE21804004109FF /* HostEventTableViewController.swift */,
				3129515D1FE226A5004109FF /* HostEventTableViewCell.swift */,
			);
			name = CreateEventPage;
			sourceTree = "<group>";
		};
		313D31B81FE11E690036CC0B /* S3Images */ = {
			isa = PBXGroup;
			children = (
				313D31B91FE11E8B0036CC0B /* ImageAction.swift */,
				311A62BA1FE3491500E41AE3 /* ImageListener.swift */,
			);
			path = S3Images;
			sourceTree = "<group>";
		};
		318A4B651FD66AB00054B73D /* Requests */ = {
			isa = PBXGroup;
			children = (
				31BE76141FBAA55100154730 /* Request.swift */,
				318A4B661FD66AD10054B73D /* EventRequest.swift */,
				318A4B681FD66AE00054B73D /* ProjectRequest.swift */,
				318A4B6A1FD66AFC0054B73D /* UserRequest.swift */,
				318A4B6C1FD66C110054B73D /* MatchRequest.swift */,
			);
			path = Requests;
			sourceTree = "<group>";
		};
		A1569A637C58B1FCE043482E /* Pods */ = {
			isa = PBXGroup;
			children = (
				391325CDC24D8F558572A104 /* Pods-HinderApp.debug.xcconfig */,
				DB0788E19595C0B9866F5DE3 /* Pods-HinderApp.release.xcconfig */,
			);
			name = Pods;
			sourceTree = "<group>";
		};
		C52030191FAD4732009DFCBA /* SectionControllers */ = {
			isa = PBXGroup;
			children = (
				C555F6BB1FB0EFC2009106E8 /* FeedSectionController.swift */,
				C522DC6D1FE31954001D634A /* ProfileUserInfoSectionController.swift */,
				C557317B1FBE69E400EBCF96 /* EditProfileSectionController.swift */,
			);
			name = SectionControllers;
			sourceTree = "<group>";
		};
		C520301B1FAD4760009DFCBA /* Models */ = {
			isa = PBXGroup;
			children = (
				313D31B81FE11E690036CC0B /* S3Images */,
				318A4B651FD66AB00054B73D /* Requests */,
				C555F6BD1FB41E9D009106E8 /* Event.swift */,
				C555F6BF1FB42D87009106E8 /* Project.swift */,
				C555F6C11FB43293009106E8 /* User.swift */,
				C555F6C31FB4334D009106E8 /* Skillset.swift */,
				31BE76121FBAA31300154730 /* Mediator.swift */,
				31FEEA471FDE118F007C4532 /* SessionUser.swift */,
				3129515B1FE21C95004109FF /* SessionHost.swift */,
			);
			name = Models;
			sourceTree = "<group>";
		};
		C555F6B91FB0EA2A009106E8 /* Views */ = {
			isa = PBXGroup;
			children = (
				BA3AF00E1FE38AA70064EFBF /* MemberViewCell.swift */,
				BA3AF00C1FE38A370064EFBF /* UserTableViewCell.swift */,
				BA8074131FE1EFA90062E1EB /* UserProjectViewCell.swift */,
				C555F6B51FB0D023009106E8 /* HinderNavigationBar.swift */,
				C555F6C51FB647AF009106E8 /* FeedEventCell.swift */,
				C522DC6F1FE319C9001D634A /* ProfileUserInfoCell.swift */,
				C555F6C71FB7C2AE009106E8 /* FeedEventCellWithHeader.swift */,
				9FC6A0621FB9168A00176134 /* HinderCreateProfile.swift */,
				C557317D1FBE6D1900EBCF96 /* SkillSetEditCell.swift */,
			);
			name = Views;
			sourceTree = "<group>";
		};
		C555F6BA1FB0EA51009106E8 /* ViewControllers */ = {
			isa = PBXGroup;
			children = (
				BA3AF00A1FE371C70064EFBF /* ProjectViewController.swift */,
				68211A411FE310C2000C2A45 /* CreateProjectViewController.swift */,
				BA8074111FE1E9160062E1EB /* UserViewController.swift */,
				310F3F251FDE6DDF009FF85C /* CreateEventPage */,
				BA907B791FDCB152005BD3E8 /* HamburgerMenuViewController.swift */,
				BAC0347D1FDBC4D400ED14B3 /* LoginViewController.swift */,
				BA907B711FDC989E005BD3E8 /* NavigationController.swift */,
				C55671681FAD4553009A194B /* HomeViewController.swift */,
				BA907B811FDDE85E005BD3E8 /* MyEventsViewController.swift */,
				BA907B831FDDE8D3005BD3E8 /* MyGroupsViewController.swift */,
				C555F6C91FBA44E6009106E8 /* EventPageViewController.swift */,
				C55731791FBE5BE700EBCF96 /* EditProfileViewController.swift */,
				31FEEA431FDDF40C007C4532 /* UserTypeViewController.swift */,
				31FEEA451FDDFB68007C4532 /* HostLoginViewController.swift */,
				310F3F201FDE3DAF009FF85C /* ViewProfileViewController.swift */,
				68211A3F1FE30374000C2A45 /* MyProjectsTableViewController.swift */,
			);
			name = ViewControllers;
			sourceTree = "<group>";
		};
		C556715A1FAD4553009A194B = {
			isa = PBXGroup;
			children = (
				C55671651FAD4553009A194B /* HinderApp */,
				C55671641FAD4553009A194B /* Products */,
				A1569A637C58B1FCE043482E /* Pods */,
				23ACEF23AFA11B2176F7C8AA /* Frameworks */,
			);
			sourceTree = "<group>";
		};
		C55671641FAD4553009A194B /* Products */ = {
			isa = PBXGroup;
			children = (
				C55671631FAD4553009A194B /* HinderApp.app */,
			);
			name = Products;
			sourceTree = "<group>";
		};
		C55671651FAD4553009A194B /* HinderApp */ = {
			isa = PBXGroup;
			children = (
				C555F6BA1FB0EA51009106E8 /* ViewControllers */,
				C555F6B91FB0EA2A009106E8 /* Views */,
				C520301B1FAD4760009DFCBA /* Models */,
				C55671661FAD4553009A194B /* AppDelegate.swift */,
				C52030191FAD4732009DFCBA /* SectionControllers */,
				C556716A1FAD4553009A194B /* Main.storyboard */,
				BAC034731FDBB12D00ED14B3 /* Assets.xcassets */,
				C556716F1FAD4553009A194B /* LaunchScreen.storyboard */,
				C55671721FAD4553009A194B /* Info.plist */,
				C555F6B71FB0D0B8009106E8 /* FontsAndTheme.swift */,
			);
			path = HinderApp;
			sourceTree = "<group>";
		};
/* End PBXGroup section */

/* Begin PBXNativeTarget section */
		C55671621FAD4553009A194B /* HinderApp */ = {
			isa = PBXNativeTarget;
			buildConfigurationList = C55671751FAD4553009A194B /* Build configuration list for PBXNativeTarget "HinderApp" */;
			buildPhases = (
				D1C63B9E8BF979DF889FAEBC /* [CP] Check Pods Manifest.lock */,
				C556715F1FAD4553009A194B /* Sources */,
				C55671601FAD4553009A194B /* Frameworks */,
				C55671611FAD4553009A194B /* Resources */,
				A2D3BCE69577426C44AE4C73 /* [CP] Embed Pods Frameworks */,
				2CE9604F9244D5B0D07F81E3 /* [CP] Copy Pods Resources */,
			);
			buildRules = (
			);
			dependencies = (
			);
			name = HinderApp;
			productName = HinderApp;
			productReference = C55671631FAD4553009A194B /* HinderApp.app */;
			productType = "com.apple.product-type.application";
		};
/* End PBXNativeTarget section */

/* Begin PBXProject section */
		C556715B1FAD4553009A194B /* Project object */ = {
			isa = PBXProject;
			attributes = {
				LastUpgradeCheck = 0910;
				ORGANIZATIONNAME = TBD;
				TargetAttributes = {
					C55671621FAD4553009A194B = {
						CreatedOnToolsVersion = 7.0;
						DevelopmentTeam = HCUH5BENYG;
						LastSwiftMigration = 0820;
					};
				};
			};
			buildConfigurationList = C556715E1FAD4553009A194B /* Build configuration list for PBXProject "HinderApp" */;
			compatibilityVersion = "Xcode 3.2";
			developmentRegion = English;
			hasScannedForEncodings = 0;
			knownRegions = (
				en,
				Base,
			);
			mainGroup = C556715A1FAD4553009A194B;
			productRefGroup = C55671641FAD4553009A194B /* Products */;
			projectDirPath = "";
			projectRoot = "";
			targets = (
				C55671621FAD4553009A194B /* HinderApp */,
			);
		};
/* End PBXProject section */

/* Begin PBXResourcesBuildPhase section */
		C55671611FAD4553009A194B /* Resources */ = {
			isa = PBXResourcesBuildPhase;
			buildActionMask = 2147483647;
			files = (
				C55671711FAD4553009A194B /* LaunchScreen.storyboard in Resources */,
				BAC034741FDBB12D00ED14B3 /* Assets.xcassets in Resources */,
				C556716C1FAD4553009A194B /* Main.storyboard in Resources */,
			);
			runOnlyForDeploymentPostprocessing = 0;
		};
/* End PBXResourcesBuildPhase section */

/* Begin PBXShellScriptBuildPhase section */
		2CE9604F9244D5B0D07F81E3 /* [CP] Copy Pods Resources */ = {
			isa = PBXShellScriptBuildPhase;
			buildActionMask = 2147483647;
			files = (
			);
			inputPaths = (
			);
			name = "[CP] Copy Pods Resources";
			outputPaths = (
			);
			runOnlyForDeploymentPostprocessing = 0;
			shellPath = /bin/sh;
			shellScript = "\"${SRCROOT}/Pods/Target Support Files/Pods-HinderApp/Pods-HinderApp-resources.sh\"\n";
			showEnvVarsInLog = 0;
		};
		A2D3BCE69577426C44AE4C73 /* [CP] Embed Pods Frameworks */ = {
			isa = PBXShellScriptBuildPhase;
			buildActionMask = 2147483647;
			files = (
			);
			inputPaths = (
				"${SRCROOT}/Pods/Target Support Files/Pods-HinderApp/Pods-HinderApp-frameworks.sh",
				"${BUILT_PRODUCTS_DIR}/AWSCognito/AWSCognito.framework",
				"${BUILT_PRODUCTS_DIR}/AWSCognitoIdentityProvider/AWSCognitoIdentityProvider.framework",
				"${BUILT_PRODUCTS_DIR}/AWSCore/AWSCore.framework",
				"${BUILT_PRODUCTS_DIR}/AWSS3/AWSS3.framework",
				"${BUILT_PRODUCTS_DIR}/Bolts/Bolts.framework",
				"${BUILT_PRODUCTS_DIR}/FBSDKCoreKit/FBSDKCoreKit.framework",
				"${BUILT_PRODUCTS_DIR}/FBSDKLoginKit/FBSDKLoginKit.framework",
				"${BUILT_PRODUCTS_DIR}/FBSDKShareKit/FBSDKShareKit.framework",
				"${BUILT_PRODUCTS_DIR}/FacebookCore/FacebookCore.framework",
				"${BUILT_PRODUCTS_DIR}/FacebookLogin/FacebookLogin.framework",
				"${BUILT_PRODUCTS_DIR}/FacebookShare/FacebookShare.framework",
				"${BUILT_PRODUCTS_DIR}/IGListKit/IGListKit.framework",
				"${BUILT_PRODUCTS_DIR}/Yoga/yoga.framework",
				"${BUILT_PRODUCTS_DIR}/YogaKit/YogaKit.framework",
			);
			name = "[CP] Embed Pods Frameworks";
			outputPaths = (
				"${TARGET_BUILD_DIR}/${FRAMEWORKS_FOLDER_PATH}/AWSCognito.framework",
				"${TARGET_BUILD_DIR}/${FRAMEWORKS_FOLDER_PATH}/AWSCognitoIdentityProvider.framework",
				"${TARGET_BUILD_DIR}/${FRAMEWORKS_FOLDER_PATH}/AWSCore.framework",
				"${TARGET_BUILD_DIR}/${FRAMEWORKS_FOLDER_PATH}/AWSS3.framework",
				"${TARGET_BUILD_DIR}/${FRAMEWORKS_FOLDER_PATH}/Bolts.framework",
				"${TARGET_BUILD_DIR}/${FRAMEWORKS_FOLDER_PATH}/FBSDKCoreKit.framework",
				"${TARGET_BUILD_DIR}/${FRAMEWORKS_FOLDER_PATH}/FBSDKLoginKit.framework",
				"${TARGET_BUILD_DIR}/${FRAMEWORKS_FOLDER_PATH}/FBSDKShareKit.framework",
				"${TARGET_BUILD_DIR}/${FRAMEWORKS_FOLDER_PATH}/FacebookCore.framework",
				"${TARGET_BUILD_DIR}/${FRAMEWORKS_FOLDER_PATH}/FacebookLogin.framework",
				"${TARGET_BUILD_DIR}/${FRAMEWORKS_FOLDER_PATH}/FacebookShare.framework",
				"${TARGET_BUILD_DIR}/${FRAMEWORKS_FOLDER_PATH}/IGListKit.framework",
				"${TARGET_BUILD_DIR}/${FRAMEWORKS_FOLDER_PATH}/yoga.framework",
				"${TARGET_BUILD_DIR}/${FRAMEWORKS_FOLDER_PATH}/YogaKit.framework",
			);
			runOnlyForDeploymentPostprocessing = 0;
			shellPath = /bin/sh;
			shellScript = "\"${SRCROOT}/Pods/Target Support Files/Pods-HinderApp/Pods-HinderApp-frameworks.sh\"\n";
			showEnvVarsInLog = 0;
		};
		D1C63B9E8BF979DF889FAEBC /* [CP] Check Pods Manifest.lock */ = {
			isa = PBXShellScriptBuildPhase;
			buildActionMask = 2147483647;
			files = (
			);
			inputPaths = (
				"${PODS_PODFILE_DIR_PATH}/Podfile.lock",
				"${PODS_ROOT}/Manifest.lock",
			);
			name = "[CP] Check Pods Manifest.lock";
			outputPaths = (
				"$(DERIVED_FILE_DIR)/Pods-HinderApp-checkManifestLockResult.txt",
			);
			runOnlyForDeploymentPostprocessing = 0;
			shellPath = /bin/sh;
			shellScript = "diff \"${PODS_PODFILE_DIR_PATH}/Podfile.lock\" \"${PODS_ROOT}/Manifest.lock\" > /dev/null\nif [ $? != 0 ] ; then\n    # print error to STDERR\n    echo \"error: The sandbox is not in sync with the Podfile.lock. Run 'pod install' or update your CocoaPods installation.\" >&2\n    exit 1\nfi\n";
			showEnvVarsInLog = 0;
		};
/* End PBXShellScriptBuildPhase section */

/* Begin PBXSourcesBuildPhase section */
		C556715F1FAD4553009A194B /* Sources */ = {
			isa = PBXSourcesBuildPhase;
			buildActionMask = 2147483647;
			files = (
				BA8074141FE1EFA90062E1EB /* UserProjectViewCell.swift in Sources */,
				318A4B671FD66AD10054B73D /* EventRequest.swift in Sources */,
				BA8074121FE1E9160062E1EB /* UserViewController.swift in Sources */,
				313D31B71FE11A9A0036CC0B /* CreateEventViewControllerP2.swift in Sources */,
				BA907B721FDC989E005BD3E8 /* NavigationController.swift in Sources */,
				C557317A1FBE5BE700EBCF96 /* EditProfileViewController.swift in Sources */,
				31FEEA461FDDFB68007C4532 /* HostLoginViewController.swift in Sources */,
				C555F6B61FB0D023009106E8 /* HinderNavigationBar.swift in Sources */,
				310F3F211FDE3DAF009FF85C /* ViewProfileViewController.swift in Sources */,
				BAC0347E1FDBC4D400ED14B3 /* LoginViewController.swift in Sources */,
				BA3AF00F1FE38AA70064EFBF /* MemberViewCell.swift in Sources */,
				318A4B691FD66AE00054B73D /* ProjectRequest.swift in Sources */,
				BA907B841FDDE8D3005BD3E8 /* MyGroupsViewController.swift in Sources */,
				BA3AF00B1FE371C70064EFBF /* ProjectViewController.swift in Sources */,
				31FEEA4A1FDE338D007C4532 /* CreateEventViewControllerP1.swift in Sources */,
				BA3AF00D1FE38A370064EFBF /* UserTableViewCell.swift in Sources */,
				C557317C1FBE69E400EBCF96 /* EditProfileSectionController.swift in Sources */,
				C555F6BC1FB0EFC2009106E8 /* FeedSectionController.swift in Sources */,
				C55671691FAD4553009A194B /* HomeViewController.swift in Sources */,
				C555F6B81FB0D0B8009106E8 /* FontsAndTheme.swift in Sources */,
				C555F6C81FB7C2AE009106E8 /* FeedEventCellWithHeader.swift in Sources */,
				31BE76151FBAA55100154730 /* Request.swift in Sources */,
				31BE76131FBAA31300154730 /* Mediator.swift in Sources */,
				3129515A1FE21804004109FF /* HostEventTableViewController.swift in Sources */,
				3129515E1FE226A5004109FF /* HostEventTableViewCell.swift in Sources */,
				C555F6C41FB4334D009106E8 /* Skillset.swift in Sources */,
				9FC6A0631FB9168A00176134 /* HinderCreateProfile.swift in Sources */,
				C555F6C21FB43293009106E8 /* User.swift in Sources */,
				68211A421FE310C2000C2A45 /* CreateProjectViewController.swift in Sources */,
				C522DC6E1FE31954001D634A /* ProfileUserInfoSectionController.swift in Sources */,
				C557317E1FBE6D1900EBCF96 /* SkillSetEditCell.swift in Sources */,
				C555F6C61FB647AF009106E8 /* FeedEventCell.swift in Sources */,
				311A62BB1FE3491500E41AE3 /* ImageListener.swift in Sources */,
				BA907B7A1FDCB152005BD3E8 /* HamburgerMenuViewController.swift in Sources */,
				C555F6BE1FB41E9D009106E8 /* Event.swift in Sources */,
				318A4B6D1FD66C110054B73D /* MatchRequest.swift in Sources */,
				C555F6C01FB42D87009106E8 /* Project.swift in Sources */,
				C555F6CA1FBA44E7009106E8 /* EventPageViewController.swift in Sources */,
				C55671671FAD4553009A194B /* AppDelegate.swift in Sources */,
				318A4B6B1FD66AFC0054B73D /* UserRequest.swift in Sources */,
				31FEEA481FDE118F007C4532 /* SessionUser.swift in Sources */,
				313D31BA1FE11E8B0036CC0B /* ImageAction.swift in Sources */,
				BA907B821FDDE85E005BD3E8 /* MyEventsViewController.swift in Sources */,
				68211A401FE30374000C2A45 /* MyProjectsTableViewController.swift in Sources */,
				31FEEA441FDDF40C007C4532 /* UserTypeViewController.swift in Sources */,
				C522DC701FE319C9001D634A /* ProfileUserInfoCell.swift in Sources */,
				3129515C1FE21C95004109FF /* SessionHost.swift in Sources */,
			);
			runOnlyForDeploymentPostprocessing = 0;
		};
/* End PBXSourcesBuildPhase section */

/* Begin PBXVariantGroup section */
		C556716A1FAD4553009A194B /* Main.storyboard */ = {
			isa = PBXVariantGroup;
			children = (
				C556716B1FAD4553009A194B /* Base */,
			);
			name = Main.storyboard;
			sourceTree = "<group>";
		};
		C556716F1FAD4553009A194B /* LaunchScreen.storyboard */ = {
			isa = PBXVariantGroup;
			children = (
				C55671701FAD4553009A194B /* Base */,
			);
			name = LaunchScreen.storyboard;
			sourceTree = "<group>";
		};
/* End PBXVariantGroup section */

/* Begin XCBuildConfiguration section */
		C55671731FAD4553009A194B /* Debug */ = {
			isa = XCBuildConfiguration;
			buildSettings = {
				ALWAYS_SEARCH_USER_PATHS = NO;
				CLANG_CXX_LANGUAGE_STANDARD = "gnu++0x";
				CLANG_CXX_LIBRARY = "libc++";
				CLANG_ENABLE_MODULES = YES;
				CLANG_ENABLE_OBJC_ARC = YES;
				CLANG_WARN_BLOCK_CAPTURE_AUTORELEASING = YES;
				CLANG_WARN_BOOL_CONVERSION = YES;
				CLANG_WARN_COMMA = YES;
				CLANG_WARN_CONSTANT_CONVERSION = YES;
				CLANG_WARN_DIRECT_OBJC_ISA_USAGE = YES_ERROR;
				CLANG_WARN_EMPTY_BODY = YES;
				CLANG_WARN_ENUM_CONVERSION = YES;
				CLANG_WARN_INFINITE_RECURSION = YES;
				CLANG_WARN_INT_CONVERSION = YES;
				CLANG_WARN_NON_LITERAL_NULL_CONVERSION = YES;
				CLANG_WARN_OBJC_LITERAL_CONVERSION = YES;
				CLANG_WARN_OBJC_ROOT_CLASS = YES_ERROR;
				CLANG_WARN_RANGE_LOOP_ANALYSIS = YES;
				CLANG_WARN_STRICT_PROTOTYPES = YES;
				CLANG_WARN_SUSPICIOUS_MOVE = YES;
				CLANG_WARN_UNREACHABLE_CODE = YES;
				CLANG_WARN__DUPLICATE_METHOD_MATCH = YES;
				"CODE_SIGN_IDENTITY[sdk=iphoneos*]" = "iPhone Developer";
				COPY_PHASE_STRIP = NO;
				DEBUG_INFORMATION_FORMAT = dwarf;
				ENABLE_STRICT_OBJC_MSGSEND = YES;
				ENABLE_TESTABILITY = YES;
				GCC_C_LANGUAGE_STANDARD = gnu99;
				GCC_DYNAMIC_NO_PIC = NO;
				GCC_NO_COMMON_BLOCKS = YES;
				GCC_OPTIMIZATION_LEVEL = 0;
				GCC_PREPROCESSOR_DEFINITIONS = (
					"DEBUG=1",
					"$(inherited)",
				);
				GCC_WARN_64_TO_32_BIT_CONVERSION = YES;
				GCC_WARN_ABOUT_RETURN_TYPE = YES_ERROR;
				GCC_WARN_UNDECLARED_SELECTOR = YES;
				GCC_WARN_UNINITIALIZED_AUTOS = YES_AGGRESSIVE;
				GCC_WARN_UNUSED_FUNCTION = YES;
				GCC_WARN_UNUSED_VARIABLE = YES;
				IPHONEOS_DEPLOYMENT_TARGET = 9.0;
				MTL_ENABLE_DEBUG_INFO = YES;
				ONLY_ACTIVE_ARCH = YES;
				SDKROOT = iphoneos;
				SWIFT_OPTIMIZATION_LEVEL = "-Onone";
				TARGETED_DEVICE_FAMILY = "1,2";
			};
			name = Debug;
		};
		C55671741FAD4553009A194B /* Release */ = {
			isa = XCBuildConfiguration;
			buildSettings = {
				ALWAYS_SEARCH_USER_PATHS = NO;
				CLANG_CXX_LANGUAGE_STANDARD = "gnu++0x";
				CLANG_CXX_LIBRARY = "libc++";
				CLANG_ENABLE_MODULES = YES;
				CLANG_ENABLE_OBJC_ARC = YES;
				CLANG_WARN_BLOCK_CAPTURE_AUTORELEASING = YES;
				CLANG_WARN_BOOL_CONVERSION = YES;
				CLANG_WARN_COMMA = YES;
				CLANG_WARN_CONSTANT_CONVERSION = YES;
				CLANG_WARN_DIRECT_OBJC_ISA_USAGE = YES_ERROR;
				CLANG_WARN_EMPTY_BODY = YES;
				CLANG_WARN_ENUM_CONVERSION = YES;
				CLANG_WARN_INFINITE_RECURSION = YES;
				CLANG_WARN_INT_CONVERSION = YES;
				CLANG_WARN_NON_LITERAL_NULL_CONVERSION = YES;
				CLANG_WARN_OBJC_LITERAL_CONVERSION = YES;
				CLANG_WARN_OBJC_ROOT_CLASS = YES_ERROR;
				CLANG_WARN_RANGE_LOOP_ANALYSIS = YES;
				CLANG_WARN_STRICT_PROTOTYPES = YES;
				CLANG_WARN_SUSPICIOUS_MOVE = YES;
				CLANG_WARN_UNREACHABLE_CODE = YES;
				CLANG_WARN__DUPLICATE_METHOD_MATCH = YES;
				"CODE_SIGN_IDENTITY[sdk=iphoneos*]" = "iPhone Developer";
				COPY_PHASE_STRIP = NO;
				DEBUG_INFORMATION_FORMAT = "dwarf-with-dsym";
				ENABLE_NS_ASSERTIONS = NO;
				ENABLE_STRICT_OBJC_MSGSEND = YES;
				GCC_C_LANGUAGE_STANDARD = gnu99;
				GCC_NO_COMMON_BLOCKS = YES;
				GCC_WARN_64_TO_32_BIT_CONVERSION = YES;
				GCC_WARN_ABOUT_RETURN_TYPE = YES_ERROR;
				GCC_WARN_UNDECLARED_SELECTOR = YES;
				GCC_WARN_UNINITIALIZED_AUTOS = YES_AGGRESSIVE;
				GCC_WARN_UNUSED_FUNCTION = YES;
				GCC_WARN_UNUSED_VARIABLE = YES;
				IPHONEOS_DEPLOYMENT_TARGET = 9.0;
				MTL_ENABLE_DEBUG_INFO = NO;
				SDKROOT = iphoneos;
				SWIFT_OPTIMIZATION_LEVEL = "-Owholemodule";
				TARGETED_DEVICE_FAMILY = "1,2";
				VALIDATE_PRODUCT = YES;
			};
			name = Release;
		};
		C55671761FAD4553009A194B /* Debug */ = {
			isa = XCBuildConfiguration;
			baseConfigurationReference = 391325CDC24D8F558572A104 /* Pods-HinderApp.debug.xcconfig */;
			buildSettings = {
				ASSETCATALOG_COMPILER_APPICON_NAME = AppIcon;
				DEVELOPMENT_TEAM = HCUH5BENYG;
				INFOPLIST_FILE = HinderApp/Info.plist;
				IPHONEOS_DEPLOYMENT_TARGET = 10.1;
				LD_RUNPATH_SEARCH_PATHS = "$(inherited) @executable_path/Frameworks";
				PRODUCT_BUNDLE_IDENTIFIER = "-30.App.Hinder";
				PRODUCT_NAME = "$(TARGET_NAME)";
				SWIFT_VERSION = 3.0;
			};
			name = Debug;
		};
		C55671771FAD4553009A194B /* Release */ = {
			isa = XCBuildConfiguration;
			baseConfigurationReference = DB0788E19595C0B9866F5DE3 /* Pods-HinderApp.release.xcconfig */;
			buildSettings = {
				ASSETCATALOG_COMPILER_APPICON_NAME = AppIcon;
				DEVELOPMENT_TEAM = HCUH5BENYG;
				INFOPLIST_FILE = HinderApp/Info.plist;
				IPHONEOS_DEPLOYMENT_TARGET = 10.1;
				LD_RUNPATH_SEARCH_PATHS = "$(inherited) @executable_path/Frameworks";
				PRODUCT_BUNDLE_IDENTIFIER = "-30.App.Hinder";
				PRODUCT_NAME = "$(TARGET_NAME)";
				SWIFT_VERSION = 3.0;
			};
			name = Release;
		};
/* End XCBuildConfiguration section */

/* Begin XCConfigurationList section */
		C556715E1FAD4553009A194B /* Build configuration list for PBXProject "HinderApp" */ = {
			isa = XCConfigurationList;
			buildConfigurations = (
				C55671731FAD4553009A194B /* Debug */,
				C55671741FAD4553009A194B /* Release */,
			);
			defaultConfigurationIsVisible = 0;
			defaultConfigurationName = Release;
		};
		C55671751FAD4553009A194B /* Build configuration list for PBXNativeTarget "HinderApp" */ = {
			isa = XCConfigurationList;
			buildConfigurations = (
				C55671761FAD4553009A194B /* Debug */,
				C55671771FAD4553009A194B /* Release */,
			);
			defaultConfigurationIsVisible = 0;
			defaultConfigurationName = Release;
		};
/* End XCConfigurationList section */
	};
	rootObject = C556715B1FAD4553009A194B /* Project object */;
}
